
Microsoft Visual Studio Solution File, Format Version 12.00
# Visual Studio 2017
Project("{FAE04EC0-301F-11D3-BF4B-00C04F79EFBC}") = "TrumpAugmented2_1-2-2018.Plugins", "TrumpAugmented2_1-2-2018.Plugins.csproj", "{1209AD68-2EF9-74C4-1E12-D4FB9CC545C5}"
EndProject
Project("{FAE04EC0-301F-11D3-BF4B-00C04F79EFBC}") = "TrumpAugmented2_1-2-2018", "TrumpAugmented2_1-2-2018.csproj", "{FCEF19FE-DAE7-0259-03A9-E4A521283853}"
EndProject
Project("{FAE04EC0-301F-11D3-BF4B-00C04F79EFBC}") = "TrumpAugmented2_1-2-2018.Editor.Plugins", "TrumpAugmented2_1-2-2018.Editor.Plugins.csproj", "{A6264A37-E17C-A305-7535-5BC0A7AD4E78}"
EndProject
Project("{FAE04EC0-301F-11D3-BF4B-00C04F79EFBC}") = "TrumpAugmented2_1-2-2018.Editor", "TrumpAugmented2_1-2-2018.Editor.csproj", "{5F3638FA-A208-2E38-A4A4-8F7DC760C9F6}"
EndProject
Global
	GlobalSection(SolutionConfigurationPlatforms) = preSolution
		Debug|Any CPU = Debug|Any CPU
		Release|Any CPU = Release|Any CPU
	EndGlobalSection
	GlobalSection(ProjectConfigurationPlatforms) = postSolution
		{1209AD68-2EF9-74C4-1E12-D4FB9CC545C5}.Debug|Any CPU.ActiveCfg = Debug|Any CPU
		{1209AD68-2EF9-74C4-1E12-D4FB9CC545C5}.Debug|Any CPU.Build.0 = Debug|Any CPU
		{1209AD68-2EF9-74C4-1E12-D4FB9CC545C5}.Release|Any CPU.ActiveCfg = Release|Any CPU
		{1209AD68-2EF9-74C4-1E12-D4FB9CC545C5}.Release|Any CPU.Build.0 = Release|Any CPU
		{FCEF19FE-DAE7-0259-03A9-E4A521283853}.Debug|Any CPU.ActiveCfg = Debug|Any CPU
		{FCEF19FE-DAE7-0259-03A9-E4A521283853}.Debug|Any CPU.Build.0 = Debug|Any CPU
		{FCEF19FE-DAE7-0259-03A9-E4A521283853}.Release|Any CPU.ActiveCfg = Release|Any CPU
		{FCEF19FE-DAE7-0259-03A9-E4A521283853}.Release|Any CPU.Build.0 = Release|Any CPU
		{A6264A37-E17C-A305-7535-5BC0A7AD4E78}.Debug|Any CPU.ActiveCfg = Debug|Any CPU
		{A6264A37-E17C-A305-7535-5BC0A7AD4E78}.Debug|Any CPU.Build.0 = Debug|Any CPU
		{A6264A37-E17C-A305-7535-5BC0A7AD4E78}.Release|Any CPU.ActiveCfg = Release|Any CPU
		{A6264A37-E17C-A305-7535-5BC0A7AD4E78}.Release|Any CPU.Build.0 = Release|Any CPU
		{5F3638FA-A208-2E38-A4A4-8F7DC760C9F6}.Debug|Any CPU.ActiveCfg = Debug|Any CPU
		{5F3638FA-A208-2E38-A4A4-8F7DC760C9F6}.Debug|Any CPU.Build.0 = Debug|Any CPU
		{5F3638FA-A208-2E38-A4A4-8F7DC760C9F6}.Release|Any CPU.ActiveCfg = Release|Any CPU
		{5F3638FA-A208-2E38-A4A4-8F7DC760C9F6}.Release|Any CPU.Build.0 = Release|Any CPU
	EndGlobalSection
	GlobalSection(SolutionProperties) = preSolution
		HideSolutionNode = FALSE
	EndGlobalSection
EndGlobal
